
Microsoft Visual Studio Solution File, Format Version 12.00
# Visual Studio Version 17
VisualStudioVersion = 17.0.31903.59
MinimumVisualStudioVersion = 10.0.40219.1
Project("{9A19103F-16F7-4668-BE54-9A1E7A4F7556}") = "BubbleSortAlgo", "BubbleSortAlgo\BubbleSortAlgo.csproj", "{48D3E8C4-C6DA-4ED7-9473-B00387702E1F}"
EndProject
Project("{FAE04EC0-301F-11D3-BF4B-00C04F79EFBC}") = "BubbleSort", "BubbleSort\BubbleSort.csproj", "{5F4DC67E-36C4-4D48-9896-82DB0A091315}"
EndProject
Global
	GlobalSection(SolutionConfigurationPlatforms) = preSolution
		Debug|Any CPU = Debug|Any CPU
		Release|Any CPU = Release|Any CPU
	EndGlobalSection
	GlobalSection(ProjectConfigurationPlatforms) = postSolution
		{48D3E8C4-C6DA-4ED7-9473-B00387702E1F}.Debug|Any CPU.ActiveCfg = Debug|Any CPU
		{48D3E8C4-C6DA-4ED7-9473-B00387702E1F}.Debug|Any CPU.Build.0 = Debug|Any CPU
		{48D3E8C4-C6DA-4ED7-9473-B00387702E1F}.Release|Any CPU.ActiveCfg = Release|Any CPU
		{48D3E8C4-C6DA-4ED7-9473-B00387702E1F}.Release|Any CPU.Build.0 = Release|Any CPU
		{5F4DC67E-36C4-4D48-9896-82DB0A091315}.Debug|Any CPU.ActiveCfg = Debug|Any CPU
		{5F4DC67E-36C4-4D48-9896-82DB0A091315}.Debug|Any CPU.Build.0 = Debug|Any CPU
		{5F4DC67E-36C4-4D48-9896-82DB0A091315}.Release|Any CPU.ActiveCfg = Release|Any CPU
		{5F4DC67E-36C4-4D48-9896-82DB0A091315}.Release|Any CPU.Build.0 = Release|Any CPU
	EndGlobalSection
	GlobalSection(SolutionProperties) = preSolution
		HideSolutionNode = FALSE
	EndGlobalSection
	GlobalSection(ExtensibilityGlobals) = postSolution
		SolutionGuid = {26480CDB-0001-43F0-AF58-E2D7A116B166}
	EndGlobalSection
EndGlobal
